// !$*UTF8*$!
{
	archiveVersion = 1;
	classes = {
	};
	objectVersion = 46;
	objects = {

/* Begin PBXBuildFile section */
		8FEABDED07F6753A06C54013 /* libPods.a in Frameworks */ = {isa = PBXBuildFile; fileRef = F75502E7F8ECA840A813AFD5 /* libPods.a */; };
		D445E52B1B007E8F0066B02A /* Special.swift in Sources */ = {isa = PBXBuildFile; fileRef = D445E52A1B007E8F0066B02A /* Special.swift */; };
		D498C1151B00650C00C8459E /* AppDelegate.swift in Sources */ = {isa = PBXBuildFile; fileRef = D498C1141B00650C00C8459E /* AppDelegate.swift */; };
		D498C1171B00650C00C8459E /* MyAccountController.swift in Sources */ = {isa = PBXBuildFile; fileRef = D498C1161B00650C00C8459E /* MyAccountController.swift */; };
		D498C1191B00650C00C8459E /* BookTableViewController.swift in Sources */ = {isa = PBXBuildFile; fileRef = D498C1181B00650C00C8459E /* BookTableViewController.swift */; };
		D498C11C1B00650C00C8459E /* Main.storyboard in Resources */ = {isa = PBXBuildFile; fileRef = D498C11A1B00650C00C8459E /* Main.storyboard */; };
		D498C11E1B00650C00C8459E /* Images.xcassets in Resources */ = {isa = PBXBuildFile; fileRef = D498C11D1B00650C00C8459E /* Images.xcassets */; };
		D498C1211B00650C00C8459E /* LaunchScreen.xib in Resources */ = {isa = PBXBuildFile; fileRef = D498C11F1B00650C00C8459E /* LaunchScreen.xib */; };
		D498C12D1B00650C00C8459E /* BeaconClubMemberTests.swift in Sources */ = {isa = PBXBuildFile; fileRef = D498C12C1B00650C00C8459E /* BeaconClubMemberTests.swift */; };
		D498C1371B0065C500C8459E /* SpecialsViewController.swift in Sources */ = {isa = PBXBuildFile; fileRef = D498C1361B0065C500C8459E /* SpecialsViewController.swift */; };
		D498C1391B0065DA00C8459E /* EventsViewController.swift in Sources */ = {isa = PBXBuildFile; fileRef = D498C1381B0065DA00C8459E /* EventsViewController.swift */; };
		D498C13E1B00742E00C8459E /* Branding.swift in Sources */ = {isa = PBXBuildFile; fileRef = D498C13B1B00742E00C8459E /* Branding.swift */; };
		D498C13F1B00742E00C8459E /* SwiftyJSON.swift in Sources */ = {isa = PBXBuildFile; fileRef = D498C13C1B00742E00C8459E /* SwiftyJSON.swift */; };
		D498C1401B00742E00C8459E /* Util.swift in Sources */ = {isa = PBXBuildFile; fileRef = D498C13D1B00742E00C8459E /* Util.swift */; };
		D498C1451B007BA700C8459E /* SpecialsTileFlowLayout.swift in Sources */ = {isa = PBXBuildFile; fileRef = D498C1421B007BA700C8459E /* SpecialsTileFlowLayout.swift */; };
		D498C1461B007BA700C8459E /* SpecialsCollectionViewCell.xib in Resources */ = {isa = PBXBuildFile; fileRef = D498C1431B007BA700C8459E /* SpecialsCollectionViewCell.xib */; };
		D498C1471B007BA700C8459E /* SpecialsCollectionViewCell.swift in Sources */ = {isa = PBXBuildFile; fileRef = D498C1441B007BA700C8459E /* SpecialsCollectionViewCell.swift */; };
		D498C14A1B007C0600C8459E /* CVBgRectView.swift in Sources */ = {isa = PBXBuildFile; fileRef = D498C1491B007C0600C8459E /* CVBgRectView.swift */; };
		D4B538B21B009C250020BF11 /* BeaconService.swift in Sources */ = {isa = PBXBuildFile; fileRef = D4B538B11B009C250020BF11 /* BeaconService.swift */; };
/* End PBXBuildFile section */

/* Begin PBXContainerItemProxy section */
		D498C1271B00650C00C8459E /* PBXContainerItemProxy */ = {
			isa = PBXContainerItemProxy;
			containerPortal = D498C1071B00650C00C8459E /* Project object */;
			proxyType = 1;
			remoteGlobalIDString = D498C10E1B00650C00C8459E;
			remoteInfo = BeaconClubMember;
		};
/* End PBXContainerItemProxy section */

/* Begin PBXFileReference section */
		2D04E59EE50064F62811EAB0 /* Pods.release.xcconfig */ = {isa = PBXFileReference; includeInIndex = 1; lastKnownFileType = text.xcconfig; name = Pods.release.xcconfig; path = "Pods/Target Support Files/Pods/Pods.release.xcconfig"; sourceTree = "<group>"; };
		A591E716FFB0F2B1FE4F5F41 /* Pods.debug.xcconfig */ = {isa = PBXFileReference; includeInIndex = 1; lastKnownFileType = text.xcconfig; name = Pods.debug.xcconfig; path = "Pods/Target Support Files/Pods/Pods.debug.xcconfig"; sourceTree = "<group>"; };
		D445E52A1B007E8F0066B02A /* Special.swift */ = {isa = PBXFileReference; fileEncoding = 4; lastKnownFileType = sourcecode.swift; path = Special.swift; sourceTree = "<group>"; };
		D498C10F1B00650C00C8459E /* BeaconClubMember.app */ = {isa = PBXFileReference; explicitFileType = wrapper.application; includeInIndex = 0; path = BeaconClubMember.app; sourceTree = BUILT_PRODUCTS_DIR; };
		D498C1131B00650C00C8459E /* Info.plist */ = {isa = PBXFileReference; lastKnownFileType = text.plist.xml; path = Info.plist; sourceTree = "<group>"; };
		D498C1141B00650C00C8459E /* AppDelegate.swift */ = {isa = PBXFileReference; lastKnownFileType = sourcecode.swift; path = AppDelegate.swift; sourceTree = "<group>"; };
		D498C1161B00650C00C8459E /* MyAccountController.swift */ = {isa = PBXFileReference; lastKnownFileType = sourcecode.swift; path = MyAccountController.swift; sourceTree = "<group>"; };
		D498C1181B00650C00C8459E /* BookTableViewController.swift */ = {isa = PBXFileReference; lastKnownFileType = sourcecode.swift; path = BookTableViewController.swift; sourceTree = "<group>"; };
		D498C11B1B00650C00C8459E /* Base */ = {isa = PBXFileReference; lastKnownFileType = file.storyboard; name = Base; path = Base.lproj/Main.storyboard; sourceTree = "<group>"; };
		D498C11D1B00650C00C8459E /* Images.xcassets */ = {isa = PBXFileReference; lastKnownFileType = folder.assetcatalog; path = Images.xcassets; sourceTree = "<group>"; };
		D498C1201B00650C00C8459E /* Base */ = {isa = PBXFileReference; lastKnownFileType = file.xib; name = Base; path = Base.lproj/LaunchScreen.xib; sourceTree = "<group>"; };
		D498C1261B00650C00C8459E /* BeaconClubMemberTests.xctest */ = {isa = PBXFileReference; explicitFileType = wrapper.cfbundle; includeInIndex = 0; path = BeaconClubMemberTests.xctest; sourceTree = BUILT_PRODUCTS_DIR; };
		D498C12B1B00650C00C8459E /* Info.plist */ = {isa = PBXFileReference; lastKnownFileType = text.plist.xml; path = Info.plist; sourceTree = "<group>"; };
		D498C12C1B00650C00C8459E /* BeaconClubMemberTests.swift */ = {isa = PBXFileReference; lastKnownFileType = sourcecode.swift; path = BeaconClubMemberTests.swift; sourceTree = "<group>"; };
		D498C1361B0065C500C8459E /* SpecialsViewController.swift */ = {isa = PBXFileReference; fileEncoding = 4; lastKnownFileType = sourcecode.swift; path = SpecialsViewController.swift; sourceTree = "<group>"; };
		D498C1381B0065DA00C8459E /* EventsViewController.swift */ = {isa = PBXFileReference; fileEncoding = 4; lastKnownFileType = sourcecode.swift; path = EventsViewController.swift; sourceTree = "<group>"; };
		D498C13B1B00742E00C8459E /* Branding.swift */ = {isa = PBXFileReference; fileEncoding = 4; lastKnownFileType = sourcecode.swift; path = Branding.swift; sourceTree = "<group>"; };
		D498C13C1B00742E00C8459E /* SwiftyJSON.swift */ = {isa = PBXFileReference; fileEncoding = 4; lastKnownFileType = sourcecode.swift; path = SwiftyJSON.swift; sourceTree = "<group>"; };
		D498C13D1B00742E00C8459E /* Util.swift */ = {isa = PBXFileReference; fileEncoding = 4; lastKnownFileType = sourcecode.swift; path = Util.swift; sourceTree = "<group>"; };
		D498C1421B007BA700C8459E /* SpecialsTileFlowLayout.swift */ = {isa = PBXFileReference; fileEncoding = 4; lastKnownFileType = sourcecode.swift; path = SpecialsTileFlowLayout.swift; sourceTree = "<group>"; };
		D498C1431B007BA700C8459E /* SpecialsCollectionViewCell.xib */ = {isa = PBXFileReference; fileEncoding = 4; lastKnownFileType = file.xib; path = SpecialsCollectionViewCell.xib; sourceTree = "<group>"; };
		D498C1441B007BA700C8459E /* SpecialsCollectionViewCell.swift */ = {isa = PBXFileReference; fileEncoding = 4; lastKnownFileType = sourcecode.swift; path = SpecialsCollectionViewCell.swift; sourceTree = "<group>"; };
		D498C1491B007C0600C8459E /* CVBgRectView.swift */ = {isa = PBXFileReference; fileEncoding = 4; lastKnownFileType = sourcecode.swift; path = CVBgRectView.swift; sourceTree = "<group>"; };
		D4B538B01B008F090020BF11 /* ObjCBridge.h */ = {isa = PBXFileReference; lastKnownFileType = sourcecode.c.h; path = ObjCBridge.h; sourceTree = "<group>"; };
		D4B538B11B009C250020BF11 /* BeaconService.swift */ = {isa = PBXFileReference; fileEncoding = 4; lastKnownFileType = sourcecode.swift; path = BeaconService.swift; sourceTree = "<group>"; };
		F75502E7F8ECA840A813AFD5 /* libPods.a */ = {isa = PBXFileReference; explicitFileType = archive.ar; includeInIndex = 0; path = libPods.a; sourceTree = BUILT_PRODUCTS_DIR; };
/* End PBXFileReference section */

/* Begin PBXFrameworksBuildPhase section */
		D498C10C1B00650C00C8459E /* Frameworks */ = {
			isa = PBXFrameworksBuildPhase;
			buildActionMask = 2147483647;
			files = (
				8FEABDED07F6753A06C54013 /* libPods.a in Frameworks */,
			);
			runOnlyForDeploymentPostprocessing = 0;
		};
		D498C1231B00650C00C8459E /* Frameworks */ = {
			isa = PBXFrameworksBuildPhase;
			buildActionMask = 2147483647;
			files = (
			);
			runOnlyForDeploymentPostprocessing = 0;
		};
/* End PBXFrameworksBuildPhase section */

/* Begin PBXGroup section */
		D445E52C1B007E950066B02A /* Models */ = {
			isa = PBXGroup;
			children = (
				D445E52A1B007E8F0066B02A /* Special.swift */,
			);
			name = Models;
			sourceTree = "<group>";
		};
		D498C1061B00650C00C8459E = {
			isa = PBXGroup;
			children = (
				D498C1111B00650C00C8459E /* BeaconClubMember */,
				D498C1291B00650C00C8459E /* BeaconClubMemberTests */,
				D498C1101B00650C00C8459E /* Products */,
				F88014C49A3EAD686D704FC3 /* Pods */,
				F30DCD062E90D57228C1EA5C /* Frameworks */,
			);
			sourceTree = "<group>";
		};
		D498C1101B00650C00C8459E /* Products */ = {
			isa = PBXGroup;
			children = (
				D498C10F1B00650C00C8459E /* BeaconClubMember.app */,
				D498C1261B00650C00C8459E /* BeaconClubMemberTests.xctest */,
			);
			name = Products;
			sourceTree = "<group>";
		};
		D498C1111B00650C00C8459E /* BeaconClubMember */ = {
			isa = PBXGroup;
			children = (
				D498C1141B00650C00C8459E /* AppDelegate.swift */,
				D498C11A1B00650C00C8459E /* Main.storyboard */,
				D498C11D1B00650C00C8459E /* Images.xcassets */,
				D498C11F1B00650C00C8459E /* LaunchScreen.xib */,
				D445E52C1B007E950066B02A /* Models */,
				D498C13A1B0070AA00C8459E /* Controllers */,
				D498C1411B00743400C8459E /* Util */,
				D498C1121B00650C00C8459E /* Supporting Files */,
			);
			path = BeaconClubMember;
			sourceTree = "<group>";
		};
		D498C1121B00650C00C8459E /* Supporting Files */ = {
			isa = PBXGroup;
			children = (
				D498C1131B00650C00C8459E /* Info.plist */,
				D4B538B01B008F090020BF11 /* ObjCBridge.h */,
			);
			name = "Supporting Files";
			sourceTree = "<group>";
		};
		D498C1291B00650C00C8459E /* BeaconClubMemberTests */ = {
			isa = PBXGroup;
			children = (
				D498C12C1B00650C00C8459E /* BeaconClubMemberTests.swift */,
				D498C12A1B00650C00C8459E /* Supporting Files */,
			);
			path = BeaconClubMemberTests;
			sourceTree = "<group>";
		};
		D498C12A1B00650C00C8459E /* Supporting Files */ = {
			isa = PBXGroup;
			children = (
				D498C12B1B00650C00C8459E /* Info.plist */,
			);
			name = "Supporting Files";
			sourceTree = "<group>";
		};
		D498C13A1B0070AA00C8459E /* Controllers */ = {
			isa = PBXGroup;
			children = (
				D498C1481B007BAD00C8459E /* Special Collection View */,
				D498C1161B00650C00C8459E /* MyAccountController.swift */,
				D498C1181B00650C00C8459E /* BookTableViewController.swift */,
				D498C1381B0065DA00C8459E /* EventsViewController.swift */,
			);
			name = Controllers;
			sourceTree = "<group>";
		};
		D498C1411B00743400C8459E /* Util */ = {
			isa = PBXGroup;
			children = (
				D498C13B1B00742E00C8459E /* Branding.swift */,
				D498C13C1B00742E00C8459E /* SwiftyJSON.swift */,
				D498C13D1B00742E00C8459E /* Util.swift */,
				D4B538B11B009C250020BF11 /* BeaconService.swift */,
			);
			name = Util;
			sourceTree = "<group>";
		};
		D498C1481B007BAD00C8459E /* Special Collection View */ = {
			isa = PBXGroup;
			children = (
				D498C1361B0065C500C8459E /* SpecialsViewController.swift */,
				D498C1421B007BA700C8459E /* SpecialsTileFlowLayout.swift */,
				D498C1431B007BA700C8459E /* SpecialsCollectionViewCell.xib */,
				D498C1441B007BA700C8459E /* SpecialsCollectionViewCell.swift */,
				D498C1491B007C0600C8459E /* CVBgRectView.swift */,
			);
			name = "Special Collection View";
			sourceTree = "<group>";
		};
		F30DCD062E90D57228C1EA5C /* Frameworks */ = {
			isa = PBXGroup;
			children = (
				F75502E7F8ECA840A813AFD5 /* libPods.a */,
			);
			name = Frameworks;
			sourceTree = "<group>";
		};
		F88014C49A3EAD686D704FC3 /* Pods */ = {
			isa = PBXGroup;
			children = (
				A591E716FFB0F2B1FE4F5F41 /* Pods.debug.xcconfig */,
				2D04E59EE50064F62811EAB0 /* Pods.release.xcconfig */,
			);
			name = Pods;
			sourceTree = "<group>";
		};
/* End PBXGroup section */

/* Begin PBXNativeTarget section */
		D498C10E1B00650C00C8459E /* BeaconClubMember */ = {
			isa = PBXNativeTarget;
			buildConfigurationList = D498C1301B00650C00C8459E /* Build configuration list for PBXNativeTarget "BeaconClubMember" */;
			buildPhases = (
				7B176085CC418424C33926F6 /* Check Pods Manifest.lock */,
				D498C10B1B00650C00C8459E /* Sources */,
				D498C10C1B00650C00C8459E /* Frameworks */,
				D498C10D1B00650C00C8459E /* Resources */,
				CA6CCC50AE4B8B72A7714102 /* Copy Pods Resources */,
			);
			buildRules = (
			);
			dependencies = (
			);
			name = BeaconClubMember;
			productName = BeaconClubMember;
			productReference = D498C10F1B00650C00C8459E /* BeaconClubMember.app */;
			productType = "com.apple.product-type.application";
		};
		D498C1251B00650C00C8459E /* BeaconClubMemberTests */ = {
			isa = PBXNativeTarget;
			buildConfigurationList = D498C1331B00650C00C8459E /* Build configuration list for PBXNativeTarget "BeaconClubMemberTests" */;
			buildPhases = (
				D498C1221B00650C00C8459E /* Sources */,
				D498C1231B00650C00C8459E /* Frameworks */,
				D498C1241B00650C00C8459E /* Resources */,
			);
			buildRules = (
			);
			dependencies = (
				D498C1281B00650C00C8459E /* PBXTargetDependency */,
			);
			name = BeaconClubMemberTests;
			productName = BeaconClubMemberTests;
			productReference = D498C1261B00650C00C8459E /* BeaconClubMemberTests.xctest */;
			productType = "com.apple.product-type.bundle.unit-test";
		};
/* End PBXNativeTarget section */

/* Begin PBXProject section */
		D498C1071B00650C00C8459E /* Project object */ = {
			isa = PBXProject;
			attributes = {
				LastUpgradeCheck = 0630;
				ORGANIZATIONNAME = "Mobile Toolworks LLC";
				TargetAttributes = {
					D498C10E1B00650C00C8459E = {
						CreatedOnToolsVersion = 6.3.1;
					};
					D498C1251B00650C00C8459E = {
						CreatedOnToolsVersion = 6.3.1;
						TestTargetID = D498C10E1B00650C00C8459E;
					};
				};
			};
			buildConfigurationList = D498C10A1B00650C00C8459E /* Build configuration list for PBXProject "BeaconClubMember" */;
			compatibilityVersion = "Xcode 3.2";
			developmentRegion = English;
			hasScannedForEncodings = 0;
			knownRegions = (
				en,
				Base,
			);
			mainGroup = D498C1061B00650C00C8459E;
			productRefGroup = D498C1101B00650C00C8459E /* Products */;
			projectDirPath = "";
			projectRoot = "";
			targets = (
				D498C10E1B00650C00C8459E /* BeaconClubMember */,
				D498C1251B00650C00C8459E /* BeaconClubMemberTests */,
			);
		};
/* End PBXProject section */

/* Begin PBXResourcesBuildPhase section */
		D498C10D1B00650C00C8459E /* Resources */ = {
			isa = PBXResourcesBuildPhase;
			buildActionMask = 2147483647;
			files = (
				D498C11C1B00650C00C8459E /* Main.storyboard in Resources */,
				D498C1211B00650C00C8459E /* LaunchScreen.xib in Resources */,
				D498C1461B007BA700C8459E /* SpecialsCollectionViewCell.xib in Resources */,
				D498C11E1B00650C00C8459E /* Images.xcassets in Resources */,
			);
			runOnlyForDeploymentPostprocessing = 0;
		};
		D498C1241B00650C00C8459E /* Resources */ = {
			isa = PBXResourcesBuildPhase;
			buildActionMask = 2147483647;
			files = (
			);
			runOnlyForDeploymentPostprocessing = 0;
		};
/* End PBXResourcesBuildPhase section */

/* Begin PBXShellScriptBuildPhase section */
		7B176085CC418424C33926F6 /* Check Pods Manifest.lock */ = {
			isa = PBXShellScriptBuildPhase;
			buildActionMask = 2147483647;
			files = (
			);
			inputPaths = (
			);
			name = "Check Pods Manifest.lock";
			outputPaths = (
			);
			runOnlyForDeploymentPostprocessing = 0;
			shellPath = /bin/sh;
			shellScript = "diff \"${PODS_ROOT}/../Podfile.lock\" \"${PODS_ROOT}/Manifest.lock\" > /dev/null\nif [[ $? != 0 ]] ; then\n    cat << EOM\nerror: The sandbox is not in sync with the Podfile.lock. Run 'pod install' or update your CocoaPods installation.\nEOM\n    exit 1\nfi\n";
			showEnvVarsInLog = 0;
		};
		CA6CCC50AE4B8B72A7714102 /* Copy Pods Resources */ = {
			isa = PBXShellScriptBuildPhase;
			buildActionMask = 2147483647;
			files = (
			);
			inputPaths = (
			);
			name = "Copy Pods Resources";
			outputPaths = (
			);
			runOnlyForDeploymentPostprocessing = 0;
			shellPath = /bin/sh;
			shellScript = "\"${SRCROOT}/Pods/Target Support Files/Pods/Pods-resources.sh\"\n";
			showEnvVarsInLog = 0;
		};
/* End PBXShellScriptBuildPhase section */

/* Begin PBXSourcesBuildPhase section */
		D498C10B1B00650C00C8459E /* Sources */ = {
			isa = PBXSourcesBuildPhase;
			buildActionMask = 2147483647;
			files = (
				D498C1191B00650C00C8459E /* BookTableViewController.swift in Sources */,
				D498C1151B00650C00C8459E /* AppDelegate.swift in Sources */,
				D498C1371B0065C500C8459E /* SpecialsViewController.swift in Sources */,
				D498C14A1B007C0600C8459E /* CVBgRectView.swift in Sources */,
				D498C1471B007BA700C8459E /* SpecialsCollectionViewCell.swift in Sources */,
				D498C1401B00742E00C8459E /* Util.swift in Sources */,
				D4B538B21B009C250020BF11 /* BeaconService.swift in Sources */,
				D498C1171B00650C00C8459E /* MyAccountController.swift in Sources */,
				D498C1451B007BA700C8459E /* SpecialsTileFlowLayout.swift in Sources */,
				D498C13E1B00742E00C8459E /* Branding.swift in Sources */,
				D445E52B1B007E8F0066B02A /* Special.swift in Sources */,
				D498C13F1B00742E00C8459E /* SwiftyJSON.swift in Sources */,
				D498C1391B0065DA00C8459E /* EventsViewController.swift in Sources */,
			);
			runOnlyForDeploymentPostprocessing = 0;
		};
		D498C1221B00650C00C8459E /* Sources */ = {
			isa = PBXSourcesBuildPhase;
			buildActionMask = 2147483647;
			files = (
				D498C12D1B00650C00C8459E /* BeaconClubMemberTests.swift in Sources */,
			);
			runOnlyForDeploymentPostprocessing = 0;
		};
/* End PBXSourcesBuildPhase section */

/* Begin PBXTargetDependency section */
		D498C1281B00650C00C8459E /* PBXTargetDependency */ = {
			isa = PBXTargetDependency;
			target = D498C10E1B00650C00C8459E /* BeaconClubMember */;
			targetProxy = D498C1271B00650C00C8459E /* PBXContainerItemProxy */;
		};
/* End PBXTargetDependency section */

/* Begin PBXVariantGroup section */
		D498C11A1B00650C00C8459E /* Main.storyboard */ = {
			isa = PBXVariantGroup;
			children = (
				D498C11B1B00650C00C8459E /* Base */,
			);
			name = Main.storyboard;
			sourceTree = "<group>";
		};
		D498C11F1B00650C00C8459E /* LaunchScreen.xib */ = {
			isa = PBXVariantGroup;
			children = (
				D498C1201B00650C00C8459E /* Base */,
			);
			name = LaunchScreen.xib;
			sourceTree = "<group>";
		};
/* End PBXVariantGroup section */

/* Begin XCBuildConfiguration section */
		D498C12E1B00650C00C8459E /* Debug */ = {
			isa = XCBuildConfiguration;
			buildSettings = {
				ALWAYS_SEARCH_USER_PATHS = NO;
				CLANG_CXX_LANGUAGE_STANDARD = "gnu++0x";
				CLANG_CXX_LIBRARY = "libc++";
				CLANG_ENABLE_MODULES = YES;
				CLANG_ENABLE_OBJC_ARC = YES;
				CLANG_WARN_BOOL_CONVERSION = YES;
				CLANG_WARN_CONSTANT_CONVERSION = YES;
				CLANG_WARN_DIRECT_OBJC_ISA_USAGE = YES_ERROR;
				CLANG_WARN_EMPTY_BODY = YES;
				CLANG_WARN_ENUM_CONVERSION = YES;
				CLANG_WARN_INT_CONVERSION = YES;
				CLANG_WARN_OBJC_ROOT_CLASS = YES_ERROR;
				CLANG_WARN_UNREACHABLE_CODE = YES;
				CLANG_WARN__DUPLICATE_METHOD_MATCH = YES;
				"CODE_SIGN_IDENTITY[sdk=iphoneos*]" = "iPhone Developer";
				COPY_PHASE_STRIP = NO;
				DEBUG_INFORMATION_FORMAT = "dwarf-with-dsym";
				ENABLE_STRICT_OBJC_MSGSEND = YES;
				GCC_C_LANGUAGE_STANDARD = gnu99;
				GCC_DYNAMIC_NO_PIC = NO;
				GCC_NO_COMMON_BLOCKS = YES;
				GCC_OPTIMIZATION_LEVEL = 0;
				GCC_PREPROCESSOR_DEFINITIONS = (
					"DEBUG=1",
					"$(inherited)",
				);
				GCC_SYMBOLS_PRIVATE_EXTERN = NO;
				GCC_WARN_64_TO_32_BIT_CONVERSION = YES;
				GCC_WARN_ABOUT_RETURN_TYPE = YES_ERROR;
				GCC_WARN_UNDECLARED_SELECTOR = YES;
				GCC_WARN_UNINITIALIZED_AUTOS = YES_AGGRESSIVE;
				GCC_WARN_UNUSED_FUNCTION = YES;
				GCC_WARN_UNUSED_VARIABLE = YES;
				IPHONEOS_DEPLOYMENT_TARGET = 8.3;
				MTL_ENABLE_DEBUG_INFO = YES;
				ONLY_ACTIVE_ARCH = YES;
				SDKROOT = iphoneos;
				SWIFT_OPTIMIZATION_LEVEL = "-Onone";
			};
			name = Debug;
		};
		D498C12F1B00650C00C8459E /* Release */ = {
			isa = XCBuildConfiguration;
			buildSettings = {
				ALWAYS_SEARCH_USER_PATHS = NO;
				CLANG_CXX_LANGUAGE_STANDARD = "gnu++0x";
				CLANG_CXX_LIBRARY = "libc++";
				CLANG_ENABLE_MODULES = YES;
				CLANG_ENABLE_OBJC_ARC = YES;
				CLANG_WARN_BOOL_CONVERSION = YES;
				CLANG_WARN_CONSTANT_CONVERSION = YES;
				CLANG_WARN_DIRECT_OBJC_ISA_USAGE = YES_ERROR;
				CLANG_WARN_EMPTY_BODY = YES;
				CLANG_WARN_ENUM_CONVERSION = YES;
				CLANG_WARN_INT_CONVERSION = YES;
				CLANG_WARN_OBJC_ROOT_CLASS = YES_ERROR;
				CLANG_WARN_UNREACHABLE_CODE = YES;
				CLANG_WARN__DUPLICATE_METHOD_MATCH = YES;
				"CODE_SIGN_IDENTITY[sdk=iphoneos*]" = "iPhone Developer";
				COPY_PHASE_STRIP = NO;
				DEBUG_INFORMATION_FORMAT = "dwarf-with-dsym";
				ENABLE_NS_ASSERTIONS = NO;
				ENABLE_STRICT_OBJC_MSGSEND = YES;
				GCC_C_LANGUAGE_STANDARD = gnu99;
				GCC_NO_COMMON_BLOCKS = YES;
				GCC_WARN_64_TO_32_BIT_CONVERSION = YES;
				GCC_WARN_ABOUT_RETURN_TYPE = YES_ERROR;
				GCC_WARN_UNDECLARED_SELECTOR = YES;
				GCC_WARN_UNINITIALIZED_AUTOS = YES_AGGRESSIVE;
				GCC_WARN_UNUSED_FUNCTION = YES;
				GCC_WARN_UNUSED_VARIABLE = YES;
				IPHONEOS_DEPLOYMENT_TARGET = 8.3;
				MTL_ENABLE_DEBUG_INFO = NO;
				SDKROOT = iphoneos;
				VALIDATE_PRODUCT = YES;
			};
			name = Release;
		};
		D498C1311B00650C00C8459E /* Debug */ = {
			isa = XCBuildConfiguration;
			baseConfigurationReference = A591E716FFB0F2B1FE4F5F41 /* Pods.debug.xcconfig */;
			buildSettings = {
				ASSETCATALOG_COMPILER_APPICON_NAME = AppIcon;
				INFOPLIST_FILE = BeaconClubMember/Info.plist;
				LD_RUNPATH_SEARCH_PATHS = "$(inherited) @executable_path/Frameworks";
				PRODUCT_NAME = "$(TARGET_NAME)";
				SWIFT_OBJC_BRIDGING_HEADER = BeaconClubMember/ObjCBridge.h;
			};
			name = Debug;
		};
		D498C1321B00650C00C8459E /* Release */ = {
			isa = XCBuildConfiguration;
			baseConfigurationReference = 2D04E59EE50064F62811EAB0 /* Pods.release.xcconfig */;
			buildSettings = {
				ASSETCATALOG_COMPILER_APPICON_NAME = AppIcon;
				INFOPLIST_FILE = BeaconClubMember/Info.plist;
				LD_RUNPATH_SEARCH_PATHS = "$(inherited) @executable_path/Frameworks";
				PRODUCT_NAME = "$(TARGET_NAME)";
				SWIFT_OBJC_BRIDGING_HEADER = BeaconClubMember/ObjCBridge.h;
			};
			name = Release;
		};
		D498C1341B00650C00C8459E /* Debug */ = {
			isa = XCBuildConfiguration;
			buildSettings = {
				BUNDLE_LOADER = "$(TEST_HOST)";
				FRAMEWORK_SEARCH_PATHS = (
					"$(SDKROOT)/Developer/Library/Frameworks",
					"$(inherited)",
				);
				GCC_PREPROCESSOR_DEFINITIONS = (
					"DEBUG=1",
					"$(inherited)",
				);
				INFOPLIST_FILE = BeaconClubMemberTests/Info.plist;
				LD_RUNPATH_SEARCH_PATHS = "$(inherited) @executable_path/Frameworks @loader_path/Frameworks";
				PRODUCT_NAME = "$(TARGET_NAME)";
				TEST_HOST = "$(BUILT_PRODUCTS_DIR)/BeaconClubMember.app/BeaconClubMember";
			};
			name = Debug;
		};
		D498C1351B00650C00C8459E /* Release */ = {
			isa = XCBuildConfiguration;
			buildSettings = {
				BUNDLE_LOADER = "$(TEST_HOST)";
				FRAMEWORK_SEARCH_PATHS = (
					"$(SDKROOT)/Developer/Library/Frameworks",
					"$(inherited)",
				);
				INFOPLIST_FILE = BeaconClubMemberTests/Info.plist;
				LD_RUNPATH_SEARCH_PATHS = "$(inherited) @executable_path/Frameworks @loader_path/Frameworks";
				PRODUCT_NAME = "$(TARGET_NAME)";
				TEST_HOST = "$(BUILT_PRODUCTS_DIR)/BeaconClubMember.app/BeaconClubMember";
			};
			name = Release;
		};
/* End XCBuildConfiguration section */

/* Begin XCConfigurationList section */
		D498C10A1B00650C00C8459E /* Build configuration list for PBXProject "BeaconClubMember" */ = {
			isa = XCConfigurationList;
			buildConfigurations = (
				D498C12E1B00650C00C8459E /* Debug */,
				D498C12F1B00650C00C8459E /* Release */,
			);
			defaultConfigurationIsVisible = 0;
			defaultConfigurationName = Release;
		};
		D498C1301B00650C00C8459E /* Build configuration list for PBXNativeTarget "BeaconClubMember" */ = {
			isa = XCConfigurationList;
			buildConfigurations = (
				D498C1311B00650C00C8459E /* Debug */,
				D498C1321B00650C00C8459E /* Release */,
			);
			defaultConfigurationIsVisible = 0;
			defaultConfigurationName = Release;
		};
		D498C1331B00650C00C8459E /* Build configuration list for PBXNativeTarget "BeaconClubMemberTests" */ = {
			isa = XCConfigurationList;
			buildConfigurations = (
				D498C1341B00650C00C8459E /* Debug */,
				D498C1351B00650C00C8459E /* Release */,
			);
			defaultConfigurationIsVisible = 0;
			defaultConfigurationName = Release;
		};
/* End XCConfigurationList section */
	};
	rootObject = D498C1071B00650C00C8459E /* Project object */;
}
